<?xml version="1.0" encoding="utf-8"?>
<Project ToolsVersion="4.0" xmlns="http://schemas.microsoft.com/developer/msbuild/2003">
  <ItemGroup>
    <Filter Include="Core">
      <UniqueIdentifier>{663c915e-1d97-4ff8-ac2e-60ead5da2768}</UniqueIdentifier>
    </Filter>
    <Filter Include="Utilities">
      <UniqueIdentifier>{db4c67bd-3275-43d9-ab17-f2e1e0870c09}</UniqueIdentifier>
    </Filter>
  </ItemGroup>
  <ItemGroup>
    <Text Include="ReadMe.txt" />
  </ItemGroup>
  <ItemGroup>
    <ClCompile Include="src\SudokuEngine.cpp">
      <Filter>Core</Filter>
    </ClCompile>
    <ClCompile Include="src\TimerClass.cpp">
      <Filter>Utilities</Filter>
    </ClCompile>
  </ItemGroup>
  <ItemGroup>
    <ClInclude Include="src\SudokuEngine.h">
      <Filter>Core</Filter>
    </ClInclude>
    <ClInclude Include="src\TimerClass.h">
      <Filter>Utilities</Filter>
    </ClInclude>
  </ItemGroup>
</Project>