<?xml version="1.0" encoding="utf-8"?>
<Project ToolsVersion="4.0" xmlns="http://schemas.microsoft.com/developer/msbuild/2003">
  <ItemGroup>
    <Filter Include="Core">
      <UniqueIdentifier>{663c915e-1d97-4ff8-ac2e-60ead5da2768}</UniqueIdentifier>
    </Filter>
    <Filter Include="Utilities">
      <UniqueIdentifier>{db4c67bd-3275-43d9-ab17-f2e1e0870c09}</UniqueIdentifier>
    </Filter>
    <Filter Include="Core\Grading">
      <UniqueIdentifier>{7d3c80e4-571d-479e-aab2-a41d1d4ba799}</UniqueIdentifier>
    </Filter>
    <Filter Include="Core\Generating">
      <UniqueIdentifier>{a9b9688e-4902-49f3-a133-0381f873dcc3}</UniqueIdentifier>
    </Filter>
    <Filter Include="Core\Solving">
      <UniqueIdentifier>{ad288a52-cc2b-46de-ab14-c90f48444c00}</UniqueIdentifier>
    </Filter>
    <Filter Include="Core\Grading\Techniques">
      <UniqueIdentifier>{56c0b594-67ef-4418-a872-dcfb5bb6f4e1}</UniqueIdentifier>
    </Filter>
  </ItemGroup>
  <ItemGroup>
    <Text Include="ReadMe.txt" />
  </ItemGroup>
  <ItemGroup>
    <ClCompile Include="src\BitCount.cpp">
      <Filter>Utilities</Filter>
    </ClCompile>
    <ClCompile Include="src\SudokuBoard.cpp">
      <Filter>Core</Filter>
    </ClCompile>
    <ClCompile Include="src\QuickSolve.cpp">
      <Filter>Core\Solving</Filter>
    </ClCompile>
    <ClCompile Include="src\ScrambleSolve.cpp">
      <Filter>Core\Solving</Filter>
    </ClCompile>
    <ClCompile Include="src\MinimizeBoard.cpp">
      <Filter>Core\Generating</Filter>
    </ClCompile>
    <ClCompile Include="src\NakedSingle.cpp">
      <Filter>Core\Grading\Techniques</Filter>
    </ClCompile>
    <ClCompile Include="src\SudokuGrader.cpp">
      <Filter>Core\Grading</Filter>
    </ClCompile>
    <ClCompile Include="src\NotchedBoard.cpp">
      <Filter>Core\Grading</Filter>
    </ClCompile>
  </ItemGroup>
  <ItemGroup>
    <ClInclude Include="src\Types.h">
      <Filter>Core</Filter>
    </ClInclude>
    <ClInclude Include="src\SudokuBoard.h">
      <Filter>Core</Filter>
    </ClInclude>
    <ClInclude Include="src\BitCount.h">
      <Filter>Utilities</Filter>
    </ClInclude>
    <ClInclude Include="src\Timer.h">
      <Filter>Utilities</Filter>
    </ClInclude>
    <ClInclude Include="src\Util.h">
      <Filter>Utilities</Filter>
    </ClInclude>
    <ClInclude Include="src\QuickSolve.h">
      <Filter>Core\Solving</Filter>
    </ClInclude>
    <ClInclude Include="src\ScrambleSolve.h">
      <Filter>Core\Solving</Filter>
    </ClInclude>
    <ClInclude Include="src\MinimizeBoard.h">
      <Filter>Core\Generating</Filter>
    </ClInclude>
    <ClInclude Include="src\SudokuGrader.h">
      <Filter>Core\Grading</Filter>
    </ClInclude>
    <ClInclude Include="src\SudokuTechnique.h">
      <Filter>Core\Grading\Techniques</Filter>
    </ClInclude>
    <ClInclude Include="src\NakedSingle.h">
      <Filter>Core\Grading\Techniques</Filter>
    </ClInclude>
    <ClInclude Include="src\NotchedBoard.h">
      <Filter>Core\Grading</Filter>
    </ClInclude>
  </ItemGroup>
</Project>